
Microsoft Visual Studio Solution File, Format Version 10.00
# Visual Studio 2008
Project("{FAE04EC0-301F-11D3-BF4B-00C04F79EFBC}") = "Gear.UrlFinder", "Gear.UrlFinder\Gear.UrlFinder.csproj", "{9633E5FE-CDFD-4F18-84D5-129350CEC4B6}"
EndProject
Project("{FAE04EC0-301F-11D3-BF4B-00C04F79EFBC}") = "Gear.UrlFinder.Tests", "Gear.UrlFinder.Tests\Gear.UrlFinder.Tests.csproj", "{CA79F8B7-BF39-4C54-8232-D551477DBEA4}"
EndProject
Global
	GlobalSection(SolutionConfigurationPlatforms) = preSolution
		Debug|Any CPU = Debug|Any CPU
		Release|Any CPU = Release|Any CPU
	EndGlobalSection
	GlobalSection(ProjectConfigurationPlatforms) = postSolution
		{9633E5FE-CDFD-4F18-84D5-129350CEC4B6}.Debug|Any CPU.ActiveCfg = Debug|Any CPU
		{9633E5FE-CDFD-4F18-84D5-129350CEC4B6}.Debug|Any CPU.Build.0 = Debug|Any CPU
		{9633E5FE-CDFD-4F18-84D5-129350CEC4B6}.Release|Any CPU.ActiveCfg = Release|Any CPU
		{9633E5FE-CDFD-4F18-84D5-129350CEC4B6}.Release|Any CPU.Build.0 = Release|Any CPU
		{CA79F8B7-BF39-4C54-8232-D551477DBEA4}.Debug|Any CPU.ActiveCfg = Debug|Any CPU
		{CA79F8B7-BF39-4C54-8232-D551477DBEA4}.Debug|Any CPU.Build.0 = Debug|Any CPU
		{CA79F8B7-BF39-4C54-8232-D551477DBEA4}.Release|Any CPU.ActiveCfg = Release|Any CPU
		{CA79F8B7-BF39-4C54-8232-D551477DBEA4}.Release|Any CPU.Build.0 = Release|Any CPU
	EndGlobalSection
	GlobalSection(SolutionProperties) = preSolution
		HideSolutionNode = FALSE
	EndGlobalSection
EndGlobal
